Microsoft Visual Studio Solution File, Format Version 12.00
# Visual Studio 15
VisualStudioVersion = 15.0.28307.779
MinimumVisualStudioVersion = 10.0.40219.1
Project("{8BC9CEB8-8B4A-11D0-8D11-00A0C91BC942}") = "SkyBox", "SkyBox.vcxproj", "{004D7FE8-FC9A-4BB3-88A0-93A978F6DB3F}"
EndProject
Project("{8BC9CEB8-8B4A-11D0-8D11-00A0C91BC942}") = "SunnyAndCloud", "SunnyAndCloud\SunnyAndCloud.vcxproj", "{9A8EC76B-C95D-4421-AFDA-26D1602B0B1D}"
EndProject
Global
	GlobalSection(SolutionConfigurationPlatforms) = preSolution
		Debug|Win32 = Debug|Win32
		Debug|x64 = Debug|x64
		Release|Win32 = Release|Win32
		Release|x64 = Release|x64
	EndGlobalSection
	GlobalSection(ProjectConfigurationPlatforms) = postSolution
		{004D7FE8-FC9A-4BB3-88A0-93A978F6DB3F}.Debug|Win32.ActiveCfg = Debug|Win32
		{004D7FE8-FC9A-4BB3-88A0-93A978F6DB3F}.Debug|Win32.Build.0 = Debug|Win32
		{004D7FE8-FC9A-4BB3-88A0-93A978F6DB3F}.Debug|x64.ActiveCfg = Debug|Win32
		{004D7FE8-FC9A-4BB3-88A0-93A978F6DB3F}.Release|Win32.ActiveCfg = Release|Win32
		{004D7FE8-FC9A-4BB3-88A0-93A978F6DB3F}.Release|Win32.Build.0 = Release|Win32
		{004D7FE8-FC9A-4BB3-88A0-93A978F6DB3F}.Release|x64.ActiveCfg = Release|Win32
		{9A8EC76B-C95D-4421-AFDA-26D1602B0B1D}.Debug|Win32.ActiveCfg = Debug|Win32
		{9A8EC76B-C95D-4421-AFDA-26D1602B0B1D}.Debug|Win32.Build.0 = Debug|Win32
		{9A8EC76B-C95D-4421-AFDA-26D1602B0B1D}.Debug|x64.ActiveCfg = Debug|x64
		{9A8EC76B-C95D-4421-AFDA-26D1602B0B1D}.Debug|x64.Build.0 = Debug|x64
		{9A8EC76B-C95D-4421-AFDA-26D1602B0B1D}.Release|Win32.ActiveCfg = Release|Win32
		{9A8EC76B-C95D-4421-AFDA-26D1602B0B1D}.Release|Win32.Build.0 = Release|Win32
		{9A8EC76B-C95D-4421-AFDA-26D1602B0B1D}.Release|x64.ActiveCfg = Release|x64
		{9A8EC76B-C95D-4421-AFDA-26D1602B0B1D}.Release|x64.Build.0 = Release|x64
	EndGlobalSection
	GlobalSection(SolutionProperties) = preSolution
		HideSolutionNode = FALSE
	EndGlobalSection
	GlobalSection(ExtensibilityGlobals) = postSolution
		SolutionGuid = {76ADD4E6-844E-4C4F-96B9-5589F2C319C2}
	EndGlobalSection
EndGlobal
